# This file is automatically @generated by Cargo.
# It is not intended for manual editing.
[[package]]
name = "aho-corasick"
version = "0.7.13"
source = "registry+https://github.com/rust-lang/crates.io-index"
checksum = "043164d8ba5c4c3035fec9bbee8647c0261d788f3474306f93bb65901cae0e86"
dependencies = [
 "memchr",
]

[[package]]
name = "lazy_static"
version = "1.4.0"
source = "registry+https://github.com/rust-lang/crates.io-index"
checksum = "e2abad23fbc42b3700f2f279844dc832adb2b2eb069b2df918f455c4e18cc646"

[[package]]
name = "libc"
version = "0.2.77"
source = "registry+https://github.com/rust-lang/crates.io-index"
checksum = "f2f96b10ec2560088a8e76961b00d47107b3a625fecb76dedb29ee7ccbf98235"

[[package]]
name = "memchr"
version = "2.3.3"
source = "registry+https://github.com/rust-lang/crates.io-index"
checksum = "3728d817d99e5ac407411fa471ff9800a778d88a24685968b36824eaf4bee400"

[[package]]
name = "numtoa"
version = "0.1.0"
source = "registry+https://github.com/rust-lang/crates.io-index"
checksum = "b8f8bdf33df195859076e54ab11ee78a1b208382d3a26ec40d142ffc1ecc49ef"

[[package]]
name = "ox"
version = "0.2.1"
dependencies = [
 "regex",
 "termion",
 "unicode-segmentation",
 "unicode-width",
]

[[package]]
name = "redox_syscall"
version = "0.1.57"
source = "registry+https://github.com/rust-lang/crates.io-index"
checksum = "41cc0f7e4d5d4544e8861606a285bb08d3e70712ccc7d2b84d7c0ccfaf4b05ce"

[[package]]
name = "redox_termios"
version = "0.1.1"
source = "registry+https://github.com/rust-lang/crates.io-index"
checksum = "7e891cfe48e9100a70a3b6eb652fef28920c117d366339687bd5576160db0f76"
dependencies = [
 "redox_syscall",
]

[[package]]
name = "regex"
version = "1.3.9"
source = "registry+https://github.com/rust-lang/crates.io-index"
checksum = "9c3780fcf44b193bc4d09f36d2a3c87b251da4a046c87795a0d35f4f927ad8e6"
dependencies = [
 "aho-corasick",
 "memchr",
 "regex-syntax",
 "thread_local",
]

[[package]]
name = "regex-syntax"
version = "0.6.18"
source = "registry+https://github.com/rust-lang/crates.io-index"
checksum = "26412eb97c6b088a6997e05f69403a802a92d520de2f8e63c2b65f9e0f47c4e8"

[[package]]
name = "termion"
version = "1.5.5"
source = "registry+https://github.com/rust-lang/crates.io-index"
checksum = "c22cec9d8978d906be5ac94bceb5a010d885c626c4c8855721a4dbd20e3ac905"
dependencies = [
 "libc",
 "numtoa",
 "redox_syscall",
 "redox_termios",
]

[[package]]
name = "thread_local"
version = "1.0.1"
source = "registry+https://github.com/rust-lang/crates.io-index"
checksum = "d40c6d1b69745a6ec6fb1ca717914848da4b44ae29d9b3080cbee91d72a69b14"
dependencies = [
 "lazy_static",
]

[[package]]
name = "unicode-segmentation"
version = "1.6.0"
source = "registry+https://github.com/rust-lang/crates.io-index"
checksum = "e83e153d1053cbb5a118eeff7fd5be06ed99153f00dbcd8ae310c5fb2b22edc0"

[[package]]
name = "unicode-width"
version = "0.1.8"
source = "registry+https://github.com/rust-lang/crates.io-index"
checksum = "9337591893a19b88d8d87f2cec1e73fad5cdfd10e5a6f349f498ad6ea2ffb1e3"
